PODS:
  - Alamofire (5.6.4)
  - AlphaWalletABI (1.0.0):
    - AlphaWalletAddress
    - AlphaWalletCore
    - EthereumABI
    - TrustKeystore
  - AlphaWalletAddress (1.0.2):
    - EthereumAddress
    - TrustKeystore
  - AlphaWalletAttestation (0.0.1):
    - AlphaWalletABI
    - AlphaWalletAddress
    - AlphaWalletCore
    - AlphaWalletWeb3
    - BigInt
    - GzipSwift
  - AlphaWalletBrowser (1.0.0):
    - AlphaWalletABI
    - AlphaWalletAddress
    - AlphaWalletCore
    - AlphaWalletLogger
    - AlphaWalletWeb3
    - BigInt
  - AlphaWalletCore (1.0.2):
    - Alamofire (= 5.6.4)
    - AlphaWalletAddress
    - APIKit (= 5.1.0)
    - BigInt
    - CombineExt (= 1.8.0)
    - PromiseKit
  - AlphaWalletENS (1.0.0):
    - AlphaWalletAddress
    - AlphaWalletCore
    - AlphaWalletWeb3
    - PromiseKit
  - AlphaWalletFoundation (1.0.0):
    - AlphaWalletABI
    - AlphaWalletAddress
    - AlphaWalletBrowser
    - AlphaWalletCore
    - AlphaWalletENS
    - AlphaWalletGoBack
    - AlphaWalletHardwareWallet
    - AlphaWalletLogger
    - AlphaWalletOpenSea
    - AlphaWalletShareExtensionCore
    - AlphaWalletTokenScript
    - AlphaWalletTrustWalletCoreExtensions
    - AlphaWalletWeb3
    - AlphaWalletWeb3Provider
    - APIKit (= 5.1.0)
    - Apollo (= 0.53.0)
    - BigInt (~> 3.1)
    - BlockiesSwift
    - CombineExt (= 1.8.0)
    - CryptoSwift (~> 1.4)
    - JSONRPCKit (~> 2.0.0)
    - Kanna
    - PaperTrailLumberjack/Swift
    - PromiseKit/CorePromise
    - RealmSwift (= 10.36.0)
    - SwiftProtobuf (~> 1.18.0)
    - SwiftyJSON (= 5.0.0)
    - TrezorCrypto
    - TrustKeystore
  - AlphaWalletGoBack (1.0.0)
  - AlphaWalletHardwareWallet (1.0.0):
    - AlphaWalletAddress
    - AlphaWalletTrustWalletCoreExtensions
    - AlphaWalletWeb3
    - TrustKeystore
  - AlphaWalletLogger (1.0.0):
    - CocoaLumberjack (= 3.7.0)
  - AlphaWalletNotifications (1.0.1):
    - AlphaWalletCore
    - AlphaWalletFoundation
    - Firebase/Messaging
    - FirebaseCrashlytics
    - SwiftyJSON
  - AlphaWalletOpenSea (1.0.0):
    - AlphaWalletAddress
    - AlphaWalletCore
    - BigInt
    - PromiseKit
    - SwiftyJSON (= 5.0.0)
  - AlphaWalletShareExtensionCore (1.0.0)
  - AlphaWalletTokenScript (1.0.0):
    - AlphaWalletABI
    - AlphaWalletAddress
    - AlphaWalletAttestation
    - AlphaWalletBrowser
    - AlphaWalletCore
    - AlphaWalletLogger
    - AlphaWalletOpenSea
    - AlphaWalletWeb3
    - APIKit
    - BigInt
    - CryptoSwift
    - Kanna
    - PromiseKit/CorePromise
  - AlphaWalletTrackAPICalls (1.0.0)
  - AlphaWalletTrustWalletCoreExtensions (1.0.0):
    - AlphaWalletCore
    - BigInt
    - TrustWalletCore (= 2.6.34)
  - AlphaWalletWeb3 (0.0.1):
    - AlphaWalletABI
    - AlphaWalletAddress
    - AlphaWalletCore
    - AlphaWalletLogger
    - APIKit
    - BigInt
    - CryptoSwift
    - JSONRPCKit
    - PromiseKit (~> 6.3.0)
    - secp256k1_ios (~> 0.1.3)
    - SwiftyJSON (= 5.0.0)
  - AlphaWalletWeb3Provider (0.3.0)
  - APIKit (5.1.0)
  - Apollo (0.53.0):
    - Apollo/Core (= 0.53.0)
  - Apollo/Core (0.53.0)
  - BigInt (3.1.0):
    - SipHash (~> 1.2)
  - BlockiesSwift (0.1.2)
  - Charts (4.1.0):
    - Charts/Core (= 4.1.0)
  - Charts/Core (4.1.0):
    - SwiftAlgorithms (~> 1.0)
  - CocoaAsyncSocket (7.6.5)
  - CocoaLumberjack (3.7.0):
    - CocoaLumberjack/Core (= 3.7.0)
  - CocoaLumberjack/Core (3.7.0)
  - CocoaLumberjack/Swift (3.7.0):
    - CocoaLumberjack/Core
  - CombineExt (1.8.0)
  - CryptoSwift (1.8.1)
  - EthereumABI (1.3.0):
    - BigInt (~> 3.1)
    - CryptoSwift (~> 1.0)
    - EthereumAddress (~> 1.3)
  - EthereumAddress (1.3.0):
    - CryptoSwift (~> 1.0)
  - Firebase/CoreOnly (10.20.0):
    - FirebaseCore (= 10.20.0)
  - Firebase/Crashlytics (10.20.0):
    - Firebase/CoreOnly
    - FirebaseCrashlytics (~> 10.20.0)
  - Firebase/Messaging (10.20.0):
    - Firebase/CoreOnly
    - FirebaseMessaging (~> 10.20.0)
  - FirebaseCore (10.20.0):
    - FirebaseCoreInternal (~> 10.0)
    - GoogleUtilities/Environment (~> 7.12)
    - GoogleUtilities/Logger (~> 7.12)
  - FirebaseCoreExtension (10.20.0):
    - FirebaseCore (~> 10.0)
  - FirebaseCoreInternal (10.20.0):
    - "GoogleUtilities/NSData+zlib (~> 7.8)"
  - FirebaseCrashlytics (10.20.0):
    - FirebaseCore (~> 10.5)
    - FirebaseInstallations (~> 10.0)
    - FirebaseSessions (~> 10.5)
    - GoogleDataTransport (~> 9.2)
    - GoogleUtilities/Environment (~> 7.8)
    - nanopb (< 2.30910.0, >= 2.30908.0)
    - PromisesObjC (~> 2.1)
  - FirebaseInstallations (10.20.0):
    - FirebaseCore (~> 10.0)
    - GoogleUtilities/Environment (~> 7.8)
    - GoogleUtilities/UserDefaults (~> 7.8)
    - PromisesObjC (~> 2.1)
  - FirebaseMessaging (10.20.0):
    - FirebaseCore (~> 10.0)
    - FirebaseInstallations (~> 10.0)
    - GoogleDataTransport (~> 9.3)
    - GoogleUtilities/AppDelegateSwizzler (~> 7.8)
    - GoogleUtilities/Environment (~> 7.8)
    - GoogleUtilities/Reachability (~> 7.8)
    - GoogleUtilities/UserDefaults (~> 7.8)
    - nanopb (< 2.30910.0, >= 2.30908.0)
  - FirebaseSessions (10.20.0):
    - FirebaseCore (~> 10.5)
    - FirebaseCoreExtension (~> 10.0)
    - FirebaseInstallations (~> 10.0)
    - GoogleDataTransport (~> 9.2)
    - GoogleUtilities/Environment (~> 7.10)
    - nanopb (< 2.30910.0, >= 2.30908.0)
    - PromisesSwift (~> 2.1)
  - FloatingPanel (2.8.1)
  - GoogleDataTransport (9.3.0):
    - GoogleUtilities/Environment (~> 7.7)
    - nanopb (< 2.30910.0, >= 2.30908.0)
    - PromisesObjC (< 3.0, >= 1.2)
  - GoogleUtilities/AppDelegateSwizzler (7.12.0):
    - GoogleUtilities/Environment
    - GoogleUtilities/Logger
    - GoogleUtilities/Network
  - GoogleUtilities/Environment (7.12.0):
    - PromisesObjC (< 3.0, >= 1.2)
  - GoogleUtilities/Logger (7.12.0):
    - GoogleUtilities/Environment
  - GoogleUtilities/Network (7.12.0):
    - GoogleUtilities/Logger
    - "GoogleUtilities/NSData+zlib"
    - GoogleUtilities/Reachability
  - "GoogleUtilities/NSData+zlib (7.12.0)"
  - GoogleUtilities/Reachability (7.12.0):
    - GoogleUtilities/Logger
  - GoogleUtilities/UserDefaults (7.12.0):
    - GoogleUtilities/Logger
  - GzipSwift (5.1.1)
  - iOSSnapshotTestCase (6.2.0):
    - iOSSnapshotTestCase/SwiftSupport (= 6.2.0)
  - iOSSnapshotTestCase/Core (6.2.0)
  - iOSSnapshotTestCase/SwiftSupport (6.2.0):
    - iOSSnapshotTestCase/Core
  - IQKeyboardManager (6.5.16)
  - JSONRPCKit (2.0.3):
    - Result (~> 3.0)
  - Kanna (5.0.0)
  - KeychainSwift (10.0.0)
  - Kingfisher (7.6.2)
  - MailchimpSDK (2.0.4)
  - MBProgressHUD (1.2.0)
  - Mixpanel-swift (3.5.1):
    - Mixpanel-swift/Complete (= 3.5.1)
  - Mixpanel-swift/Complete (3.5.1)
  - nanopb (2.30909.1):
    - nanopb/decode (= 2.30909.1)
    - nanopb/encode (= 2.30909.1)
  - nanopb/decode (2.30909.1)
  - nanopb/encode (2.30909.1)
  - PaperTrailLumberjack/Core (0.1.9):
    - CocoaAsyncSocket (~> 7.6)
    - CocoaLumberjack (~> 3.4)
  - PaperTrailLumberjack/Swift (0.1.9):
    - CocoaLumberjack/Swift (~> 3.4)
    - PaperTrailLumberjack/Core
  - PromiseKit (6.3.5):
    - PromiseKit/CorePromise (= 6.3.5)
    - PromiseKit/Foundation (= 6.3.5)
    - PromiseKit/UIKit (= 6.3.5)
  - PromiseKit/CorePromise (6.3.5)
  - PromiseKit/Foundation (6.3.5):
    - PromiseKit/CorePromise
  - PromiseKit/UIKit (6.3.5):
    - PromiseKit/CorePromise
  - PromisesObjC (2.3.1)
  - PromisesSwift (2.3.1):
    - PromisesObjC (= 2.3.1)
  - QRCodeReaderViewController (4.0.2)
  - R.swift (7.3.2)
  - Realm (10.36.0):
    - Realm/Headers (= 10.36.0)
  - Realm/Headers (10.36.0)
  - RealmSwift (10.36.0):
    - Realm (= 10.36.0)
  - Result (3.2.4)
  - SAMKeychain (1.5.3)
  - SDWebImage/Core (5.18.10)
  - SDWebImageSVGCoder (1.7.0):
    - SDWebImage/Core (~> 5.6)
  - secp256k1_ios (0.1.3)
  - SipHash (1.2.2)
  - Starscream (3.1.1)
  - StatefulViewController (3.0)
  - SwiftAlgorithms (1.0.0)
  - SwiftFormat/CLI (0.53.0)
  - SwiftLint (0.50.3)
  - SwiftProtobuf (1.18.0)
  - SwiftyJSON (5.0.0)
  - TrezorCrypto (0.0.9)
  - TrustKeystore (0.1.3):
    - CryptoSwift (~> 1.0)
    - secp256k1_ios (~> 0.1.0)
    - TrezorCrypto
  - TrustWalletCore (2.6.34):
    - TrustWalletCore/Core (= 2.6.34)
  - TrustWalletCore/Core (2.6.34):
    - TrustWalletCore/Types
  - TrustWalletCore/Types (2.6.34):
    - SwiftProtobuf
  - WalletConnectSwift (1.7.0):
    - CryptoSwift (~> 1.5)
  - xcbeautify (0.17.0)

DEPENDENCIES:
  - AlphaWalletABI (from `.`)
  - AlphaWalletAddress (from `.`)
  - AlphaWalletAttestation (from `.`)
  - AlphaWalletBrowser (from `.`)
  - AlphaWalletCore (from `.`)
  - AlphaWalletENS (from `.`)
  - AlphaWalletFoundation (from `.`)
  - AlphaWalletGoBack (from `.`)
  - AlphaWalletHardwareWallet (from `.`)
  - AlphaWalletLogger (from `.`)
  - AlphaWalletNotifications (from `.`)
  - AlphaWalletOpenSea (from `.`)
  - AlphaWalletShareExtensionCore (from `.`)
  - AlphaWalletTokenScript (from `.`)
  - AlphaWalletTrackAPICalls (from `.`)
  - AlphaWalletTrustWalletCoreExtensions (from `.`)
  - AlphaWalletWeb3 (from `.`)
  - AlphaWalletWeb3Provider (from `https://github.com/AlphaWallet/AlphaWallet-web3-provider`, commit `bdb38b06eeedeb4ca1e32d3ecd81783b5116ae68`)
  - BigInt (~> 3.1)
  - Charts
  - EthereumABI (from `https://github.com/AlphaWallet/EthereumABI.git`, commit `877b77e8e7cbc54ab0712d509b74fec21b79d1bb`)
  - Firebase/Crashlytics
  - FloatingPanel
  - iOSSnapshotTestCase (= 6.2.0)
  - IQKeyboardManager
  - Kanna (from `https://github.com/tid-kijyun/Kanna.git`, commit `06a04bc28783ccbb40efba355dee845a024033e8`)
  - KeychainSwift (from `https://github.com/AlphaWallet/keychain-swift.git`, commit `b797d40a9d08ec509db4335140cf2259b226e6a2`)
  - Kingfisher (~> 7.6.2)
  - MailchimpSDK
  - MBProgressHUD
  - Mixpanel-swift (~> 3.1)
  - PromiseKit/CorePromise
  - QRCodeReaderViewController (from `https://github.com/AlphaWallet/QRCodeReaderViewController.git`, commit `09da2d4b835589972ecacd022a75bc27b2c1d1bd`)
  - R.swift
  - SAMKeychain
  - SDWebImageSVGCoder
  - Starscream (= 3.1.1)
  - StatefulViewController
  - SwiftFormat/CLI (~> 0.49)
  - SwiftLint (= 0.50.3)
  - TrezorCrypto (from `https://github.com/AlphaWallet/trezor-crypto-ios.git`, commit `50c16ba5527e269bbc838e80aee5bac0fe304cc7`)
  - TrustKeystore (from `https://github.com/AlphaWallet/latest-keystore-snapshot`, commit `c0bdc4f6ffc117b103e19d17b83109d4f5a0e764`)
  - WalletConnectSwift (from `https://github.com/AlphaWallet/WalletConnectSwift.git`, branch `alphaWallet`)
  - xcbeautify

SPEC REPOS:
  trunk:
    - Alamofire
    - APIKit
    - Apollo
    - BigInt
    - BlockiesSwift
    - Charts
    - CocoaAsyncSocket
    - CocoaLumberjack
    - CombineExt
    - CryptoSwift
    - EthereumAddress
    - Firebase
    - FirebaseCore
    - FirebaseCoreExtension
    - FirebaseCoreInternal
    - FirebaseCrashlytics
    - FirebaseInstallations
    - FirebaseMessaging
    - FirebaseSessions
    - FloatingPanel
    - GoogleDataTransport
    - GoogleUtilities
    - GzipSwift
    - iOSSnapshotTestCase
    - IQKeyboardManager
    - JSONRPCKit
    - Kingfisher
    - MailchimpSDK
    - MBProgressHUD
    - Mixpanel-swift
    - nanopb
    - PaperTrailLumberjack
    - PromiseKit
    - PromisesObjC
    - PromisesSwift
    - R.swift
    - Realm
    - RealmSwift
    - Result
    - SAMKeychain
    - SDWebImage
    - SDWebImageSVGCoder
    - secp256k1_ios
    - SipHash
    - Starscream
    - StatefulViewController
    - SwiftAlgorithms
    - SwiftFormat
    - SwiftLint
    - SwiftProtobuf
    - SwiftyJSON
    - TrustWalletCore
    - xcbeautify

EXTERNAL SOURCES:
  AlphaWalletABI:
    :path: "."
  AlphaWalletAddress:
    :path: "."
  AlphaWalletAttestation:
    :path: "."
  AlphaWalletBrowser:
    :path: "."
  AlphaWalletCore:
    :path: "."
  AlphaWalletENS:
    :path: "."
  AlphaWalletFoundation:
    :path: "."
  AlphaWalletGoBack:
    :path: "."
  AlphaWalletHardwareWallet:
    :path: "."
  AlphaWalletLogger:
    :path: "."
  AlphaWalletNotifications:
    :path: "."
  AlphaWalletOpenSea:
    :path: "."
  AlphaWalletShareExtensionCore:
    :path: "."
  AlphaWalletTokenScript:
    :path: "."
  AlphaWalletTrackAPICalls:
    :path: "."
  AlphaWalletTrustWalletCoreExtensions:
    :path: "."
  AlphaWalletWeb3:
    :path: "."
  AlphaWalletWeb3Provider:
    :commit: bdb38b06eeedeb4ca1e32d3ecd81783b5116ae68
    :git: https://github.com/AlphaWallet/AlphaWallet-web3-provider
  EthereumABI:
    :commit: 877b77e8e7cbc54ab0712d509b74fec21b79d1bb
    :git: https://github.com/AlphaWallet/EthereumABI.git
  Kanna:
    :commit: 06a04bc28783ccbb40efba355dee845a024033e8
    :git: https://github.com/tid-kijyun/Kanna.git
  KeychainSwift:
    :commit: b797d40a9d08ec509db4335140cf2259b226e6a2
    :git: https://github.com/AlphaWallet/keychain-swift.git
  QRCodeReaderViewController:
    :commit: 09da2d4b835589972ecacd022a75bc27b2c1d1bd
    :git: https://github.com/AlphaWallet/QRCodeReaderViewController.git
  TrezorCrypto:
    :commit: 50c16ba5527e269bbc838e80aee5bac0fe304cc7
    :git: https://github.com/AlphaWallet/trezor-crypto-ios.git
  TrustKeystore:
    :commit: c0bdc4f6ffc117b103e19d17b83109d4f5a0e764
    :git: https://github.com/AlphaWallet/latest-keystore-snapshot
  WalletConnectSwift:
    :branch: alphaWallet
    :git: https://github.com/AlphaWallet/WalletConnectSwift.git

CHECKOUT OPTIONS:
  AlphaWalletWeb3Provider:
    :commit: bdb38b06eeedeb4ca1e32d3ecd81783b5116ae68
    :git: https://github.com/AlphaWallet/AlphaWallet-web3-provider
  EthereumABI:
    :commit: 877b77e8e7cbc54ab0712d509b74fec21b79d1bb
    :git: https://github.com/AlphaWallet/EthereumABI.git
  Kanna:
    :commit: 06a04bc28783ccbb40efba355dee845a024033e8
    :git: https://github.com/tid-kijyun/Kanna.git
  KeychainSwift:
    :commit: b797d40a9d08ec509db4335140cf2259b226e6a2
    :git: https://github.com/AlphaWallet/keychain-swift.git
  QRCodeReaderViewController:
    :commit: 09da2d4b835589972ecacd022a75bc27b2c1d1bd
    :git: https://github.com/AlphaWallet/QRCodeReaderViewController.git
  TrezorCrypto:
    :commit: 50c16ba5527e269bbc838e80aee5bac0fe304cc7
    :git: https://github.com/AlphaWallet/trezor-crypto-ios.git
  TrustKeystore:
    :commit: c0bdc4f6ffc117b103e19d17b83109d4f5a0e764
    :git: https://github.com/AlphaWallet/latest-keystore-snapshot
  WalletConnectSwift:
    :commit: cb8dfc428ec70499a585c43e33a5e5c695b135a2
    :git: https://github.com/AlphaWallet/WalletConnectSwift.git

SPEC CHECKSUMS:
  Alamofire: 4e95d97098eacb88856099c4fc79b526a299e48c
  AlphaWalletABI: 5aa418b554dee7e6d7098ec4a4d47eef04876edb
  AlphaWalletAddress: f99225bc1577e254cbfeb309ce4af71d2a711e98
  AlphaWalletAttestation: e0a598276194b1d8a3f2dcf09c749102593adb00
  AlphaWalletBrowser: 8e83b2bd63ff6e4298ab4cd0a683948d6d5cbdcb
  AlphaWalletCore: 1b6acfd4481c4011c77e347784836d5e231d98ea
  AlphaWalletENS: 8f611f655728c8f2a6b91fb8f1417144d33a4915
  AlphaWalletFoundation: dffd87840b7800fb118b3bc5be1ac71cda3780f8
  AlphaWalletGoBack: 665101a1185145ef0a4a92943dcb11ae1fe697ca
  AlphaWalletHardwareWallet: 7aafac3ef2246713a606bd69e3af75ff111e1afc
  AlphaWalletLogger: 54208bad850ec92a32fa4f969d0026305b6ce028
  AlphaWalletNotifications: 6e6a5f1cf0fc598c1c917dfb527a608b049a0a96
  AlphaWalletOpenSea: e6ee4efb03db0dfebc69dfe23db33fa33bba8918
  AlphaWalletShareExtensionCore: e5fc88c6120d5b77b3ba44a37e7b58da5ccbb7b6
  AlphaWalletTokenScript: fda753dee03ae6796b4aac20d24e54a914280584
  AlphaWalletTrackAPICalls: 0e18ad5b389b054ee30673e7f1caf095a17c1b33
  AlphaWalletTrustWalletCoreExtensions: 976653ec0116dbcafa6ff1fc93ebdc3a469e5f57
  AlphaWalletWeb3: 6112b8d749368d3a8208bbec4220b13e003e4f40
  AlphaWalletWeb3Provider: 7ca1e1c1dc841dc1915f970daace48bf34931655
  APIKit: 9e1a4069608bf0ae5238811e6cfc26928ad4d01e
  Apollo: 204819ea82022fbc59ad05056820df867f19bd02
  BigInt: 76b5dfdfa3e2e478d4ffdf161aeede5502e2742f
  BlockiesSwift: 22d8d56dd187e6bfd16cb8c8fbd4fd4896c3e65d
  Charts: ce0768268078eee0336f122c3c4ca248e4e204c5
  CocoaAsyncSocket: 065fd1e645c7abab64f7a6a2007a48038fdc6a99
  CocoaLumberjack: e8955b9d337ac307103b0a34fd141c32f27e53c5
  CombineExt: c4daa97ef75754d8ef319bd79edeef82652f3eea
  CryptoSwift: b9c701d6f5011df23794dbf7f2e480a77835d83d
  EthereumABI: c021720744d260b87def6aa45d94554d260cb5a9
  EthereumAddress: 39fe8e11cf04e4e9902b55ae653dbc4e0aee5f30
  Firebase: 10c8cb12fb7ad2ae0c09ffc86cd9c1ab392a0031
  FirebaseCore: 28045c1560a2600d284b9c45a904fe322dc890b6
  FirebaseCoreExtension: 0659f035b88c5a7a15a9763c48c2e6ca8c0a2977
  FirebaseCoreInternal: efeeb171ac02d623bdaefe121539939821e10811
  FirebaseCrashlytics: 81530595edb6d99f1918f723a6c33766a24a4c86
  FirebaseInstallations: 558b1da7d65afeb996fd5c814332f013234ece4e
  FirebaseMessaging: 06c414a21b122396a26847c523d5c370f8325df5
  FirebaseSessions: 2f348975f6d1c139231c180e12194161da2e0cd6
  FloatingPanel: 0c32d8c97e52cf6913833af573506f5d86451465
  GoogleDataTransport: 57c22343ab29bc686febbf7cbb13bad167c2d8fe
  GoogleUtilities: 0759d1a57ebb953965c2dfe0ba4c82e95ccc2e34
  GzipSwift: 893f3e48e597a1a4f62fafcb6514220fcf8287fa
  iOSSnapshotTestCase: 9ab44cb5aa62b84d31847f40680112e15ec579a6
  IQKeyboardManager: 024b54d7dcb765c5bc99882cb4d5ea24a8cb7c3c
  JSONRPCKit: b2991f2f242d72022083f9d869140dabd26d65c7
  Kanna: a32875df62975f8f4b871e933b4ea1a5c3b8be0f
  KeychainSwift: c0d1b0c2901b9873f07f0e560fde92929069e863
  Kingfisher: 6c5449c6450c5239166510ba04afe374a98afc4f
  MailchimpSDK: 794fd7cb1095e55c764d8a699eb11fb61849ed76
  MBProgressHUD: 3ee5efcc380f6a79a7cc9b363dd669c5e1ae7406
  Mixpanel-swift: 89d88f4d3dd1b4b3b69bd05060756eb1248b76f0
  nanopb: d4d75c12cd1316f4a64e3c6963f879ecd4b5e0d5
  PaperTrailLumberjack: 449587968d5aeb3eab2d4de041ffc61ee2d49f25
  PromiseKit: 32c36425387e9cfc7f1206f27bfd906d0b53c0d6
  PromisesObjC: c50d2056b5253dadbd6c2bea79b0674bd5a52fa4
  PromisesSwift: 28dca69a9c40779916ac2d6985a0192a5cb4a265
  QRCodeReaderViewController: e8f27d035b3e72b1d4b1c61ff66458287e3be0ff
  R.swift: 0af0d882f49f03711415cb4e5215daa977d8a480
  Realm: 3fd136cb4c83a927482a7f1612496d37beed3cf5
  RealmSwift: 513d4dcbf5bfc4d573454088b592685fc48dd716
  Result: d2d07204ce72856f1fd9130bbe42c35a7b0fea10
  SAMKeychain: 483e1c9f32984d50ca961e26818a534283b4cd5c
  SDWebImage: fc8f2d48bbfd72ef39d70e981bd24a3f3be53fec
  SDWebImageSVGCoder: 15a300a97ec1c8ac958f009c02220ac0402e936c
  secp256k1_ios: ac9ef04e761f43c58012b28548afa91493761f17
  SipHash: fad90a4683e420c52ef28063063dbbce248ea6d4
  Starscream: 4bb2f9942274833f7b4d296a55504dcfc7edb7b0
  StatefulViewController: 4803bf900d44de26074344998e10e041113b5931
  SwiftAlgorithms: 38dda4731d19027fdeee1125f973111bf3386b53
  SwiftFormat: 5c50ccf2c2b178fe5e46cc75e43555b09d72b103
  SwiftLint: 77f7cb2b9bb81ab4a12fcc86448ba3f11afa50c6
  SwiftProtobuf: c3c12645230d9b09c72267e0de89468c5543bd86
  SwiftyJSON: 36413e04c44ee145039d332b4f4e2d3e8d6c4db7
  TrezorCrypto: bfeea47a052dca2c77d4a39e1e183865e52de14d
  TrustKeystore: 3d8b4571c66648fb985015c96b3185440bb837fe
  TrustWalletCore: a92d85baa15932279cce925559e93695558cafdd
  WalletConnectSwift: 6309bf3011b0b30e3e9d1e7449535302a9240f71
  xcbeautify: 6e2f57af5c3a86d490376d5758030a8dcc201c1b

PODFILE CHECKSUM: d2b9a0d423dbc62df339900a41d63caffdba5eb0

COCOAPODS: 1.14.3
